
Microsoft Visual Studio Solution File, Format Version 12.00
# Visual Studio 14
VisualStudioVersion = 14.0.24720.0
MinimumVisualStudioVersion = 10.0.40219.1
Project("{FAE04EC0-301F-11D3-BF4B-00C04F79EFBC}") = "HiringCompanyClient", "Client\HiringCompanyClient.csproj", "{991966E6-7BE8-428A-93B1-C184F4D3EF91}"
EndProject
Project("{FAE04EC0-301F-11D3-BF4B-00C04F79EFBC}") = "HiringCompanyService", "HiringCompanyService\HiringCompanyService.csproj", "{E06BF5BB-E141-49C6-B639-43E8BD79F8AB}"
EndProject
Project("{FAE04EC0-301F-11D3-BF4B-00C04F79EFBC}") = "HiringCompanyContract", "HiringCompanyContract\HiringCompanyContract.csproj", "{4949B216-6B3F-43D9-82A9-8993E81902EF}"
EndProject
Project("{2150E333-8FDC-42A3-9474-1A3956D46DE8}") = "Test", "Test", "{1208BDC9-BCCE-4832-88E7-44C3D056CB17}"
EndProject
Project("{2150E333-8FDC-42A3-9474-1A3956D46DE8}") = "HiringCompanyClientTest", "HiringCompanyClientTest", "{0B0D5E8E-AA33-4FB4-BFF7-4883DBA354A7}"
EndProject
Project("{FAE04EC0-301F-11D3-BF4B-00C04F79EFBC}") = "HiringCompanyClientTest", "HiringCompanyClientTest\HiringCompanyClientTest.csproj", "{DBA36A40-1F65-4FF9-86A6-96EECEC1D22E}"
EndProject
Project("{2150E333-8FDC-42A3-9474-1A3956D46DE8}") = "HiringCompanyServiceTest", "HiringCompanyServiceTest", "{AF2F0CC7-F904-4D06-BDE0-29CB259614EB}"
EndProject
Project("{FAE04EC0-301F-11D3-BF4B-00C04F79EFBC}") = "HiringCompanyServiceTest", "HiringCompanyServiceTest\HiringCompanyServiceTest.csproj", "{0D324AA8-4420-4681-8A24-7F675AC5B3BC}"
EndProject
Project("{FAE04EC0-301F-11D3-BF4B-00C04F79EFBC}") = "HiringCompanyData", "HiringCompanyData\HiringCompanyData.csproj", "{CA33008B-97FA-4EB5-8D97-5105EA35A988}"
EndProject
Project("{2150E333-8FDC-42A3-9474-1A3956D46DE8}") = "TestBDD", "TestBDD", "{6DC43BA1-8703-46EC-8654-DE472119A2E5}"
EndProject
Project("{2150E333-8FDC-42A3-9474-1A3956D46DE8}") = ".nuget", ".nuget", "{1414B5C0-E11B-40FB-AC3C-4A5F9AC5FB97}"
	ProjectSection(SolutionItems) = preProject
		.nuget\packages.config = .nuget\packages.config
	EndProjectSection
EndProject
Project("{FAE04EC0-301F-11D3-BF4B-00C04F79EFBC}") = "TestBDD", "Proba\TestBDD.csproj", "{07596E47-D945-462C-96F7-6F050F44F535}"
EndProject
Project("{2150E333-8FDC-42A3-9474-1A3956D46DE8}") = "HiringCompanyDataTest", "HiringCompanyDataTest", "{2981974D-10C0-48E7-B8DE-440760DA1BBF}"
EndProject
Project("{FAE04EC0-301F-11D3-BF4B-00C04F79EFBC}") = "HiringCompanyDataTest", "HiringCompanyDataTest\HiringCompanyDataTest.csproj", "{A5F58570-89FA-45DE-967B-D3040A614238}"
EndProject
Global
	GlobalSection(SolutionConfigurationPlatforms) = preSolution
		Debug|Any CPU = Debug|Any CPU
		Release|Any CPU = Release|Any CPU
	EndGlobalSection
	GlobalSection(ProjectConfigurationPlatforms) = postSolution
		{991966E6-7BE8-428A-93B1-C184F4D3EF91}.Debug|Any CPU.ActiveCfg = Debug|Any CPU
		{991966E6-7BE8-428A-93B1-C184F4D3EF91}.Debug|Any CPU.Build.0 = Debug|Any CPU
		{991966E6-7BE8-428A-93B1-C184F4D3EF91}.Release|Any CPU.ActiveCfg = Release|Any CPU
		{991966E6-7BE8-428A-93B1-C184F4D3EF91}.Release|Any CPU.Build.0 = Release|Any CPU
		{E06BF5BB-E141-49C6-B639-43E8BD79F8AB}.Debug|Any CPU.ActiveCfg = Debug|Any CPU
		{E06BF5BB-E141-49C6-B639-43E8BD79F8AB}.Debug|Any CPU.Build.0 = Debug|Any CPU
		{E06BF5BB-E141-49C6-B639-43E8BD79F8AB}.Release|Any CPU.ActiveCfg = Release|Any CPU
		{E06BF5BB-E141-49C6-B639-43E8BD79F8AB}.Release|Any CPU.Build.0 = Release|Any CPU
		{4949B216-6B3F-43D9-82A9-8993E81902EF}.Debug|Any CPU.ActiveCfg = Debug|Any CPU
		{4949B216-6B3F-43D9-82A9-8993E81902EF}.Debug|Any CPU.Build.0 = Debug|Any CPU
		{4949B216-6B3F-43D9-82A9-8993E81902EF}.Release|Any CPU.ActiveCfg = Release|Any CPU
		{4949B216-6B3F-43D9-82A9-8993E81902EF}.Release|Any CPU.Build.0 = Release|Any CPU
		{DBA36A40-1F65-4FF9-86A6-96EECEC1D22E}.Debug|Any CPU.ActiveCfg = Debug|Any CPU
		{DBA36A40-1F65-4FF9-86A6-96EECEC1D22E}.Debug|Any CPU.Build.0 = Debug|Any CPU
		{DBA36A40-1F65-4FF9-86A6-96EECEC1D22E}.Release|Any CPU.ActiveCfg = Release|Any CPU
		{DBA36A40-1F65-4FF9-86A6-96EECEC1D22E}.Release|Any CPU.Build.0 = Release|Any CPU
		{0D324AA8-4420-4681-8A24-7F675AC5B3BC}.Debug|Any CPU.ActiveCfg = Debug|Any CPU
		{0D324AA8-4420-4681-8A24-7F675AC5B3BC}.Debug|Any CPU.Build.0 = Debug|Any CPU
		{0D324AA8-4420-4681-8A24-7F675AC5B3BC}.Release|Any CPU.ActiveCfg = Release|Any CPU
		{0D324AA8-4420-4681-8A24-7F675AC5B3BC}.Release|Any CPU.Build.0 = Release|Any CPU
		{CA33008B-97FA-4EB5-8D97-5105EA35A988}.Debug|Any CPU.ActiveCfg = Debug|Any CPU
		{CA33008B-97FA-4EB5-8D97-5105EA35A988}.Debug|Any CPU.Build.0 = Debug|Any CPU
		{CA33008B-97FA-4EB5-8D97-5105EA35A988}.Release|Any CPU.ActiveCfg = Release|Any CPU
		{CA33008B-97FA-4EB5-8D97-5105EA35A988}.Release|Any CPU.Build.0 = Release|Any CPU
		{07596E47-D945-462C-96F7-6F050F44F535}.Debug|Any CPU.ActiveCfg = Debug|Any CPU
		{07596E47-D945-462C-96F7-6F050F44F535}.Debug|Any CPU.Build.0 = Debug|Any CPU
		{07596E47-D945-462C-96F7-6F050F44F535}.Release|Any CPU.ActiveCfg = Release|Any CPU
		{07596E47-D945-462C-96F7-6F050F44F535}.Release|Any CPU.Build.0 = Release|Any CPU
		{A5F58570-89FA-45DE-967B-D3040A614238}.Debug|Any CPU.ActiveCfg = Debug|Any CPU
		{A5F58570-89FA-45DE-967B-D3040A614238}.Debug|Any CPU.Build.0 = Debug|Any CPU
		{A5F58570-89FA-45DE-967B-D3040A614238}.Release|Any CPU.ActiveCfg = Release|Any CPU
		{A5F58570-89FA-45DE-967B-D3040A614238}.Release|Any CPU.Build.0 = Release|Any CPU
	EndGlobalSection
	GlobalSection(SolutionProperties) = preSolution
		HideSolutionNode = FALSE
	EndGlobalSection
	GlobalSection(NestedProjects) = preSolution
		{0B0D5E8E-AA33-4FB4-BFF7-4883DBA354A7} = {1208BDC9-BCCE-4832-88E7-44C3D056CB17}
		{DBA36A40-1F65-4FF9-86A6-96EECEC1D22E} = {0B0D5E8E-AA33-4FB4-BFF7-4883DBA354A7}
		{AF2F0CC7-F904-4D06-BDE0-29CB259614EB} = {1208BDC9-BCCE-4832-88E7-44C3D056CB17}
		{0D324AA8-4420-4681-8A24-7F675AC5B3BC} = {AF2F0CC7-F904-4D06-BDE0-29CB259614EB}
		{07596E47-D945-462C-96F7-6F050F44F535} = {6DC43BA1-8703-46EC-8654-DE472119A2E5}
		{2981974D-10C0-48E7-B8DE-440760DA1BBF} = {1208BDC9-BCCE-4832-88E7-44C3D056CB17}
		{A5F58570-89FA-45DE-967B-D3040A614238} = {2981974D-10C0-48E7-B8DE-440760DA1BBF}
	EndGlobalSection
EndGlobal
